
Microsoft Visual Studio Solution File, Format Version 12.00
# Visual Studio Version 17
VisualStudioVersion = 17.13.35931.197 d17.13
MinimumVisualStudioVersion = 10.0.40219.1
Project("{FAE04EC0-301F-11D3-BF4B-00C04F79EFBC}") = "Document Maker", "Document Maker\Document Maker.csproj", "{7C68AE30-2A5C-422D-B526-0A742CC879D0}"
EndProject
Global
	GlobalSection(SolutionConfigurationPlatforms) = preSolution
		Debug|Any CPU = Debug|Any CPU
		Release|Any CPU = Release|Any CPU
	EndGlobalSection
	GlobalSection(ProjectConfigurationPlatforms) = postSolution
		{7C68AE30-2A5C-422D-B526-0A742CC879D0}.Debug|Any CPU.ActiveCfg = Debug|Any CPU
		{7C68AE30-2A5C-422D-B526-0A742CC879D0}.Debug|Any CPU.Build.0 = Debug|Any CPU
		{7C68AE30-2A5C-422D-B526-0A742CC879D0}.Release|Any CPU.ActiveCfg = Release|Any CPU
		{7C68AE30-2A5C-422D-B526-0A742CC879D0}.Release|Any CPU.Build.0 = Release|Any CPU
	EndGlobalSection
	GlobalSection(SolutionProperties) = preSolution
		HideSolutionNode = FALSE
	EndGlobalSection
	GlobalSection(ExtensibilityGlobals) = postSolution
		SolutionGuid = {6FDD3BFF-B7C1-49BD-A33C-9E8E63F09E4E}
	EndGlobalSection
EndGlobal
